{
  "nodes": {
    "live-rename-nvim": {
      "flake": false,
      "locked": {
        "lastModified": 1750686485,
        "narHash": "sha256-5BnO04TUjGsT10PdQcfQrw54kIWX/0vNPl5+umWOHjw=",
        "owner": "saecki",
        "repo": "live-rename.nvim",
        "rev": "78fcdb4072c6b1a8e909872f9a971b2f2b642d1e",
        "type": "github"
      },
      "original": {
        "owner": "saecki",
        "repo": "live-rename.nvim",
        "type": "github"
      }
    },
    "nixpkgs": {
      "locked": {
        "lastModified": 1750776420,
        "narHash": "sha256-/CG+w0o0oJ5itVklOoLbdn2dGB0wbZVOoDm4np6w09A=",
        "owner": "nixos",
        "repo": "nixpkgs",
        "rev": "30a61f056ac492e3b7cdcb69c1e6abdcf00e39cf",
        "type": "github"
      },
      "original": {
        "owner": "nixos",
        "ref": "nixos-unstable",
        "repo": "nixpkgs",
        "type": "github"
      }
    },
    "root": {
      "inputs": {
        "live-rename-nvim": "live-rename-nvim",
        "nixpkgs": "nixpkgs"
      }
    }
  },
  "root": "root",
  "version": 7
}
